// !$*UTF8*$!
{
	archiveVersion = 1;
	classes = {
	};
	objectVersion = 77;
	objects = {

/* Begin PBXBuildFile section */
		051DC362C9686E87D3A881FA /* DirectionDetailView.swift in Sources */ = {isa = PBXBuildFile; fileRef = 66A7538AC544E719D7C43586 /* DirectionDetailView.swift */; };
		05F5569EC2840FA4DDABBEA0 /* Assets.xcassets in Resources */ = {isa = PBXBuildFile; fileRef = E65DDDDECCEC16CCB9FF8031 /* Assets.xcassets */; };
		0D8E631971EACEB00D58695D /* WidgetCatalog.swift in Sources */ = {isa = PBXBuildFile; fileRef = 5A594EDC1CA5C4F5DBC09051 /* WidgetCatalog.swift */; };
		16CCC9740625C05F0C50C4B0 /* LaunchAnimations.swift in Sources */ = {isa = PBXBuildFile; fileRef = 075B94EAD604725A9756F7F1 /* LaunchAnimations.swift */; };
		19E5721FE1D126982F0BA773 /* ScreenCatalog.swift in Sources */ = {isa = PBXBuildFile; fileRef = 8DD852E5E08C98BD6AFF6B0C /* ScreenCatalog.swift */; };
		1F6DE716C1CC21E1E57BCED3 /* IdentityCardVariations.swift in Sources */ = {isa = PBXBuildFile; fileRef = 0A56D6F90560B4D8643EFC23 /* IdentityCardVariations.swift */; };
		2049734C7F4BC64B6B6C07F1 /* WidgetCatalog+GitHub.swift in Sources */ = {isa = PBXBuildFile; fileRef = E2571C83AAB5F4D322F20BE7 /* WidgetCatalog+GitHub.swift */; };
		20963C00704BCA4AC1B4A9AC /* FileListNeonConsole.swift in Sources */ = {isa = PBXBuildFile; fileRef = 6B2B41E7069EA2D89CC072F2 /* FileListNeonConsole.swift */; };
		222C25DCE99BCDFDC87B6045 /* WidgetDetailView.swift in Sources */ = {isa = PBXBuildFile; fileRef = 9C7D34C0FEA55AA85E650EAF /* WidgetDetailView.swift */; };
		24894187193306C63D10C5D5 /* FixtureLoader.swift in Sources */ = {isa = PBXBuildFile; fileRef = D380A757BB6DD7DFA3DA806A /* FixtureLoader.swift */; };
		2503D23E6CA78DD8E3EE87F8 /* WidgetEntry.swift in Sources */ = {isa = PBXBuildFile; fileRef = 5B07B0BC263D7304FB761046 /* WidgetEntry.swift */; };
		29215EB29E41B445001BBADE /* DevActivityLogVariations.swift in Sources */ = {isa = PBXBuildFile; fileRef = 3B0A743BA891EC6AF96DA223 /* DevActivityLogVariations.swift */; };
		2A0E552FE2FF81B6A9BB9859 /* MainTabNeonConsole.swift in Sources */ = {isa = PBXBuildFile; fileRef = E319D4B03818015CE0D1B188 /* MainTabNeonConsole.swift */; };
		2FDCA5FB01167986392075CC /* OMDSharedComponents.swift in Sources */ = {isa = PBXBuildFile; fileRef = 04EAB2BE2E02C0E29AE960D5 /* OMDSharedComponents.swift */; };
		35EE5E5A8F17B2E6C9015258 /* ExplorationOdometerVariations.swift in Sources */ = {isa = PBXBuildFile; fileRef = B6C1381812DE0C9652EAC9B5 /* ExplorationOdometerVariations.swift */; };
		3A831878DECDCC95F4DC6EB4 /* BioTerminalVariations.swift in Sources */ = {isa = PBXBuildFile; fileRef = F717CBA3BE53E783D4EF40D4 /* BioTerminalVariations.swift */; };
		3F980A6E9E0799646C061743 /* WidgetListView.swift in Sources */ = {isa = PBXBuildFile; fileRef = AE4271E2CBCB376EA56E8F17 /* WidgetListView.swift */; };
		4430B928654AFD725684F31A /* SampleFilesNeonConsole.swift in Sources */ = {isa = PBXBuildFile; fileRef = 8C5C8E5BEF16A89C9F45B3B8 /* SampleFilesNeonConsole.swift */; };
		474DDDA3E1A70215CA0093F6 /* CardsShowcase.swift in Sources */ = {isa = PBXBuildFile; fileRef = A5AF9B85206D53CDB63DD6DE /* CardsShowcase.swift */; };
		4A1A44ED30FF888FCEF1DD26 /* HeartRateVariations.swift in Sources */ = {isa = PBXBuildFile; fileRef = D7541E997AA10E3E4A2C8A97 /* HeartRateVariations.swift */; };
		531F905112132A0486540488 /* Category.swift in Sources */ = {isa = PBXBuildFile; fileRef = 2673A376635D90E089DB8BF8 /* Category.swift */; };
		573BD91BDFC829DDED579767 /* HydrationVariations.swift in Sources */ = {isa = PBXBuildFile; fileRef = 59897B4F725553DF8A2B1BFB /* HydrationVariations.swift */; };
		58D6B7458084478A37604FC0 /* BookModalVariations.swift in Sources */ = {isa = PBXBuildFile; fileRef = 6B42FB5EAD9F65BA2CBDCBCF /* BookModalVariations.swift */; };
		5942A3A30509EB2DE311C7EC /* DevActivityTimelineVariations.swift in Sources */ = {isa = PBXBuildFile; fileRef = B5A8EDF4B4B357F37E49794C /* DevActivityTimelineVariations.swift */; };
		5B4D4B37D0B1FA11B8C45471 /* WidgetCatalog+Identity.swift in Sources */ = {isa = PBXBuildFile; fileRef = B5E34680A61C4607071A202F /* WidgetCatalog+Identity.swift */; };
		5CABD70040C68AE628111444 /* ComingSoonVariations.swift in Sources */ = {isa = PBXBuildFile; fileRef = ED44E8143481E348B9DD9025 /* ComingSoonVariations.swift */; };
		5DB1CA3AAFFD6C546D813551 /* DirectionCatalogListView.swift in Sources */ = {isa = PBXBuildFile; fileRef = BCC381FB4351A0D33FBAC743 /* DirectionCatalogListView.swift */; };
		60898D684728820BE9A0E9EA /* DownloadSettingsScreen.swift in Sources */ = {isa = PBXBuildFile; fileRef = 7BB8A23073DD5CB57299D416 /* DownloadSettingsScreen.swift */; };
		61422319CE1D4014B9AC6CA0 /* LifegamesTokens in Frameworks */ = {isa = PBXBuildFile; productRef = 44198BCCE30792EADF1687AA /* LifegamesTokens */; };
		61B6F24D919B87AB644A5DE4 /* CommitLogVariations.swift in Sources */ = {isa = PBXBuildFile; fileRef = 3F58CC119BADE9FA86500B9F /* CommitLogVariations.swift */; };
		6843106E6A2DC8B587CACFDA /* DndOverlayVariations.swift in Sources */ = {isa = PBXBuildFile; fileRef = FCF62691B0195C2F67CD1BF0 /* DndOverlayVariations.swift */; };
		6B0283B722A2612C8D6FA071 /* ScreenCatalogListView.swift in Sources */ = {isa = PBXBuildFile; fileRef = 9A1604E38A46E42ED97CEA3D /* ScreenCatalogListView.swift */; };
		6CB55BE612DAD98083FB3049 /* WidgetCatalog+Health.swift in Sources */ = {isa = PBXBuildFile; fileRef = B60F7DFB831949951FC8F8F1 /* WidgetCatalog+Health.swift */; };
		7B30D1197A155C64DF8EF0F8 /* SystemStatusVariations.swift in Sources */ = {isa = PBXBuildFile; fileRef = EF0C740AB155C2A1E8D416FA /* SystemStatusVariations.swift */; };
		7D34E03F249ABFA5B060A242 /* LanguageStackVariations.swift in Sources */ = {isa = PBXBuildFile; fileRef = F67835CDF01FEB50867F65C5 /* LanguageStackVariations.swift */; };
		82905343DBFCB46C36E50023 /* CommitTimelineVariations.swift in Sources */ = {isa = PBXBuildFile; fileRef = F38394CE362054CFD472CEA2 /* CommitTimelineVariations.swift */; };
		832F2B5CD7B31A10EBEA309C /* StarredRepoListVariations.swift in Sources */ = {isa = PBXBuildFile; fileRef = 39CB697BD82AF083143B4A96 /* StarredRepoListVariations.swift */; };
		85E48EBB53DCDC55459A7F76 /* TypographyShowcase.swift in Sources */ = {isa = PBXBuildFile; fileRef = 9F156AC07EEBBE23E5A1668C /* TypographyShowcase.swift */; };
		8665A75191131E2C6E8F27DA /* AccountNeonConsole.swift in Sources */ = {isa = PBXBuildFile; fileRef = 936B17C5DEAA1D7B3BF9570F /* AccountNeonConsole.swift */; };
		8BD2994B011DC426CB7B7D91 /* RootGalleryView.swift in Sources */ = {isa = PBXBuildFile; fileRef = B1FCA6F6681A5F0EC2874899 /* RootGalleryView.swift */; };
		985C7AC8A3F2E75CF9CCA8AD /* WidgetCatalog+Other.swift in Sources */ = {isa = PBXBuildFile; fileRef = AED7C75633D5347E05F2CD44 /* WidgetCatalog+Other.swift */; };
		9B7B820C7C1F016DF34070C3 /* NightSummaryVariations.swift in Sources */ = {isa = PBXBuildFile; fileRef = 3D6C6DA058264A2E318249D8 /* NightSummaryVariations.swift */; };
		9FAC9FD22D36CFF8AD492241 /* LanguageBarsVariations.swift in Sources */ = {isa = PBXBuildFile; fileRef = 523D45B02B0129DD355788D5 /* LanguageBarsVariations.swift */; };
		9FAD130D33BBCD5F1848469A /* ColorsShowcase.swift in Sources */ = {isa = PBXBuildFile; fileRef = 02AA348C93E1905D35284D52 /* ColorsShowcase.swift */; };
		A180E55673E12503B8433C11 /* DevActivityCardsVariations.swift in Sources */ = {isa = PBXBuildFile; fileRef = FF5C4AE0AE33ED490C8FACAC /* DevActivityCardsVariations.swift */; };
		A1A13EB7419FD5F6609A020D /* LoginNeonConsole.swift in Sources */ = {isa = PBXBuildFile; fileRef = 136A74590C8746388296AD47 /* LoginNeonConsole.swift */; };
		A622080483202BF8F72E3D60 /* MovementRingsVariations.swift in Sources */ = {isa = PBXBuildFile; fileRef = 43703C2E8BFFB67C876AE39D /* MovementRingsVariations.swift */; };
		A8C6C3F71DCBC9AAEC85EBED /* WidgetCatalog+Reading.swift in Sources */ = {isa = PBXBuildFile; fileRef = 427F0E7056BBEDAE902C1EA4 /* WidgetCatalog+Reading.swift */; };
		AEB7F17DC7426D1B9778752C /* WidgetCatalog+Location.swift in Sources */ = {isa = PBXBuildFile; fileRef = AC4AE7A235D094A8BA3702DB /* WidgetCatalog+Location.swift */; };
		B254A171BBE9CD99E112E1F4 /* WeeklyPulseVariations.swift in Sources */ = {isa = PBXBuildFile; fileRef = F7483C680A0097B7DD24173C /* WeeklyPulseVariations.swift */; };
		B89D696068AC9EDEFB59546C /* CategoryListView.swift in Sources */ = {isa = PBXBuildFile; fileRef = BA505A54F3782F7A92FF31DC /* CategoryListView.swift */; };
		B9EB25B2BB2B7BFBFF2C8AD5 /* PlaceLeaderboardVariations.swift in Sources */ = {isa = PBXBuildFile; fileRef = 20AF50F385E6749D52D74BE7 /* PlaceLeaderboardVariations.swift */; };
		BE41551F3DEF7CE641B50F26 /* NeonShowcase.swift in Sources */ = {isa = PBXBuildFile; fileRef = 16342C96EC0719082D6F8661 /* NeonShowcase.swift */; };
		C60126467C44B65396EAE8D6 /* BookshelfVariations.swift in Sources */ = {isa = PBXBuildFile; fileRef = 9FE824BB7FB64002A6A99AAD /* BookshelfVariations.swift */; };
		C66939B564B25B0E2FE434CE /* DownloadSettingsNeonConsole.swift in Sources */ = {isa = PBXBuildFile; fileRef = A32041DD9590951AF0044C72 /* DownloadSettingsNeonConsole.swift */; };
		C7975AA5D458B6A86770A9C2 /* OMDFixtures.swift in Sources */ = {isa = PBXBuildFile; fileRef = 61B83EDD1FCAE53219D5CD86 /* OMDFixtures.swift */; };
		C95E65EE2D5A69E99586B735 /* AccountScreen.swift in Sources */ = {isa = PBXBuildFile; fileRef = DC40115C1DA2650604C1E626 /* AccountScreen.swift */; };
		C9AA9420F23534D64D8855FF /* FileDetailNeonConsole.swift in Sources */ = {isa = PBXBuildFile; fileRef = 684D2258EB08A1C9DB0771C5 /* FileDetailNeonConsole.swift */; };
		C9C8423CB3E64246D1ADF996 /* GitHubHeatmapVariations.swift in Sources */ = {isa = PBXBuildFile; fileRef = 0142E9E3275E6B3BB8FF3845 /* GitHubHeatmapVariations.swift */; };
		CA682B7C9C957124DA37D7A0 /* LaunchNeonConsole.swift in Sources */ = {isa = PBXBuildFile; fileRef = 7054F49822D356D313D1EFAF /* LaunchNeonConsole.swift */; };
		CAFE8C3CB8762BCF62CF0565 /* LifegamesComponents in Frameworks */ = {isa = PBXBuildFile; productRef = B1743235CA7DB15E6E5B3D59 /* LifegamesComponents */; };
		CC1575C4259B390BCF727FA7 /* TheatreReviewsVariations.swift in Sources */ = {isa = PBXBuildFile; fileRef = 9FCBA153BFB55544136E70AF /* TheatreReviewsVariations.swift */; };
		D348F82F05F1AE56C369E778 /* WorkoutsVariations.swift in Sources */ = {isa = PBXBuildFile; fileRef = B0CCAB849BD9310FFD16C8FD /* WorkoutsVariations.swift */; };
		D3E7E534FF37CA087BDB8393 /* PinnedReposVariations.swift in Sources */ = {isa = PBXBuildFile; fileRef = 889EE6BE1B6303D24755E03A /* PinnedReposVariations.swift */; };
		D5486912E89904CAB8027418 /* OGImageVariations.swift in Sources */ = {isa = PBXBuildFile; fileRef = 9AAD0F164597C5ACBA567F4F /* OGImageVariations.swift */; };
		D59974CCE180017903E17263 /* ComponentsShowcase.swift in Sources */ = {isa = PBXBuildFile; fileRef = 42D0986290D7C414F7DE26E8 /* ComponentsShowcase.swift */; };
		D7ECDDF5A39D8281117058C4 /* ActivityFeedVariations.swift in Sources */ = {isa = PBXBuildFile; fileRef = 1FE4F4F787DB405F202DB968 /* ActivityFeedVariations.swift */; };
		D98740F0CF10770D58104143 /* LifegamesWidgets in Frameworks */ = {isa = PBXBuildFile; productRef = C612F58B3BFF38D7B87AD62A /* LifegamesWidgets */; };
		DE143C86DB819E84CA0D138E /* ScreenEntry.swift in Sources */ = {isa = PBXBuildFile; fileRef = 235F0079C672571F2751DD80 /* ScreenEntry.swift */; };
		E212C891CE073009C9DBBEF6 /* SwiftGalleryApp.swift in Sources */ = {isa = PBXBuildFile; fileRef = EE07F20FF6E056CB0FFDBE34 /* SwiftGalleryApp.swift */; };
		E723B46263F7B7725CADD993 /* FocusOverlayVariations.swift in Sources */ = {isa = PBXBuildFile; fileRef = 64F37F2E015593652406DB56 /* FocusOverlayVariations.swift */; };
		F42E086D3EF8078C3CF46E94 /* ReadingFeedVariations.swift in Sources */ = {isa = PBXBuildFile; fileRef = C37F1AF23A88784896829CF9 /* ReadingFeedVariations.swift */; };
		FB781C1734E05AF2D07CE0EA /* ScreenDetailView.swift in Sources */ = {isa = PBXBuildFile; fileRef = 66D74C55ABF3465DD3CFAD44 /* ScreenDetailView.swift */; };
/* End PBXBuildFile section */

/* Begin PBXFileReference section */
		0142E9E3275E6B3BB8FF3845 /* GitHubHeatmapVariations.swift */ = {isa = PBXFileReference; lastKnownFileType = sourcecode.swift; path = GitHubHeatmapVariations.swift; sourceTree = "<group>"; };
		02AA348C93E1905D35284D52 /* ColorsShowcase.swift */ = {isa = PBXFileReference; lastKnownFileType = sourcecode.swift; path = ColorsShowcase.swift; sourceTree = "<group>"; };
		04EAB2BE2E02C0E29AE960D5 /* OMDSharedComponents.swift */ = {isa = PBXFileReference; lastKnownFileType = sourcecode.swift; path = OMDSharedComponents.swift; sourceTree = "<group>"; };
		075B94EAD604725A9756F7F1 /* LaunchAnimations.swift */ = {isa = PBXFileReference; lastKnownFileType = sourcecode.swift; path = LaunchAnimations.swift; sourceTree = "<group>"; };
		0A56D6F90560B4D8643EFC23 /* IdentityCardVariations.swift */ = {isa = PBXFileReference; lastKnownFileType = sourcecode.swift; path = IdentityCardVariations.swift; sourceTree = "<group>"; };
		136A74590C8746388296AD47 /* LoginNeonConsole.swift */ = {isa = PBXFileReference; lastKnownFileType = sourcecode.swift; path = LoginNeonConsole.swift; sourceTree = "<group>"; };
		16342C96EC0719082D6F8661 /* NeonShowcase.swift */ = {isa = PBXFileReference; lastKnownFileType = sourcecode.swift; path = NeonShowcase.swift; sourceTree = "<group>"; };
		1FE4F4F787DB405F202DB968 /* ActivityFeedVariations.swift */ = {isa = PBXFileReference; lastKnownFileType = sourcecode.swift; path = ActivityFeedVariations.swift; sourceTree = "<group>"; };
		20AF50F385E6749D52D74BE7 /* PlaceLeaderboardVariations.swift */ = {isa = PBXFileReference; lastKnownFileType = sourcecode.swift; path = PlaceLeaderboardVariations.swift; sourceTree = "<group>"; };
		235F0079C672571F2751DD80 /* ScreenEntry.swift */ = {isa = PBXFileReference; lastKnownFileType = sourcecode.swift; path = ScreenEntry.swift; sourceTree = "<group>"; };
		2673A376635D90E089DB8BF8 /* Category.swift */ = {isa = PBXFileReference; lastKnownFileType = sourcecode.swift; path = Category.swift; sourceTree = "<group>"; };
		39CB697BD82AF083143B4A96 /* StarredRepoListVariations.swift */ = {isa = PBXFileReference; lastKnownFileType = sourcecode.swift; path = StarredRepoListVariations.swift; sourceTree = "<group>"; };
		3B0A743BA891EC6AF96DA223 /* DevActivityLogVariations.swift */ = {isa = PBXFileReference; lastKnownFileType = sourcecode.swift; path = DevActivityLogVariations.swift; sourceTree = "<group>"; };
		3D6C6DA058264A2E318249D8 /* NightSummaryVariations.swift */ = {isa = PBXFileReference; lastKnownFileType = sourcecode.swift; path = NightSummaryVariations.swift; sourceTree = "<group>"; };
		3F58CC119BADE9FA86500B9F /* CommitLogVariations.swift */ = {isa = PBXFileReference; lastKnownFileType = sourcecode.swift; path = CommitLogVariations.swift; sourceTree = "<group>"; };
		427F0E7056BBEDAE902C1EA4 /* WidgetCatalog+Reading.swift */ = {isa = PBXFileReference; lastKnownFileType = sourcecode.swift; path = "WidgetCatalog+Reading.swift"; sourceTree = "<group>"; };
		42D0986290D7C414F7DE26E8 /* ComponentsShowcase.swift */ = {isa = PBXFileReference; lastKnownFileType = sourcecode.swift; path = ComponentsShowcase.swift; sourceTree = "<group>"; };
		43703C2E8BFFB67C876AE39D /* MovementRingsVariations.swift */ = {isa = PBXFileReference; lastKnownFileType = sourcecode.swift; path = MovementRingsVariations.swift; sourceTree = "<group>"; };
		523D45B02B0129DD355788D5 /* LanguageBarsVariations.swift */ = {isa = PBXFileReference; lastKnownFileType = sourcecode.swift; path = LanguageBarsVariations.swift; sourceTree = "<group>"; };
		59897B4F725553DF8A2B1BFB /* HydrationVariations.swift */ = {isa = PBXFileReference; lastKnownFileType = sourcecode.swift; path = HydrationVariations.swift; sourceTree = "<group>"; };
		5A594EDC1CA5C4F5DBC09051 /* WidgetCatalog.swift */ = {isa = PBXFileReference; lastKnownFileType = sourcecode.swift; path = WidgetCatalog.swift; sourceTree = "<group>"; };
		5B07B0BC263D7304FB761046 /* WidgetEntry.swift */ = {isa = PBXFileReference; lastKnownFileType = sourcecode.swift; path = WidgetEntry.swift; sourceTree = "<group>"; };
		61B83EDD1FCAE53219D5CD86 /* OMDFixtures.swift */ = {isa = PBXFileReference; lastKnownFileType = sourcecode.swift; path = OMDFixtures.swift; sourceTree = "<group>"; };
		64F37F2E015593652406DB56 /* FocusOverlayVariations.swift */ = {isa = PBXFileReference; lastKnownFileType = sourcecode.swift; path = FocusOverlayVariations.swift; sourceTree = "<group>"; };
		66A7538AC544E719D7C43586 /* DirectionDetailView.swift */ = {isa = PBXFileReference; lastKnownFileType = sourcecode.swift; path = DirectionDetailView.swift; sourceTree = "<group>"; };
		66D74C55ABF3465DD3CFAD44 /* ScreenDetailView.swift */ = {isa = PBXFileReference; lastKnownFileType = sourcecode.swift; path = ScreenDetailView.swift; sourceTree = "<group>"; };
		684D2258EB08A1C9DB0771C5 /* FileDetailNeonConsole.swift */ = {isa = PBXFileReference; lastKnownFileType = sourcecode.swift; path = FileDetailNeonConsole.swift; sourceTree = "<group>"; };
		6B2B41E7069EA2D89CC072F2 /* FileListNeonConsole.swift */ = {isa = PBXFileReference; lastKnownFileType = sourcecode.swift; path = FileListNeonConsole.swift; sourceTree = "<group>"; };
		6B42FB5EAD9F65BA2CBDCBCF /* BookModalVariations.swift */ = {isa = PBXFileReference; lastKnownFileType = sourcecode.swift; path = BookModalVariations.swift; sourceTree = "<group>"; };
		7054F49822D356D313D1EFAF /* LaunchNeonConsole.swift */ = {isa = PBXFileReference; lastKnownFileType = sourcecode.swift; path = LaunchNeonConsole.swift; sourceTree = "<group>"; };
		7BB8A23073DD5CB57299D416 /* DownloadSettingsScreen.swift */ = {isa = PBXFileReference; lastKnownFileType = sourcecode.swift; path = DownloadSettingsScreen.swift; sourceTree = "<group>"; };
		889EE6BE1B6303D24755E03A /* PinnedReposVariations.swift */ = {isa = PBXFileReference; lastKnownFileType = sourcecode.swift; path = PinnedReposVariations.swift; sourceTree = "<group>"; };
		8C5C8E5BEF16A89C9F45B3B8 /* SampleFilesNeonConsole.swift */ = {isa = PBXFileReference; lastKnownFileType = sourcecode.swift; path = SampleFilesNeonConsole.swift; sourceTree = "<group>"; };
		8DD852E5E08C98BD6AFF6B0C /* ScreenCatalog.swift */ = {isa = PBXFileReference; lastKnownFileType = sourcecode.swift; path = ScreenCatalog.swift; sourceTree = "<group>"; };
		936B17C5DEAA1D7B3BF9570F /* AccountNeonConsole.swift */ = {isa = PBXFileReference; lastKnownFileType = sourcecode.swift; path = AccountNeonConsole.swift; sourceTree = "<group>"; };
		9A1604E38A46E42ED97CEA3D /* ScreenCatalogListView.swift */ = {isa = PBXFileReference; lastKnownFileType = sourcecode.swift; path = ScreenCatalogListView.swift; sourceTree = "<group>"; };
		9AAD0F164597C5ACBA567F4F /* OGImageVariations.swift */ = {isa = PBXFileReference; lastKnownFileType = sourcecode.swift; path = OGImageVariations.swift; sourceTree = "<group>"; };
		9C7D34C0FEA55AA85E650EAF /* WidgetDetailView.swift */ = {isa = PBXFileReference; lastKnownFileType = sourcecode.swift; path = WidgetDetailView.swift; sourceTree = "<group>"; };
		9F156AC07EEBBE23E5A1668C /* TypographyShowcase.swift */ = {isa = PBXFileReference; lastKnownFileType = sourcecode.swift; path = TypographyShowcase.swift; sourceTree = "<group>"; };
		9FCBA153BFB55544136E70AF /* TheatreReviewsVariations.swift */ = {isa = PBXFileReference; lastKnownFileType = sourcecode.swift; path = TheatreReviewsVariations.swift; sourceTree = "<group>"; };
		9FE824BB7FB64002A6A99AAD /* BookshelfVariations.swift */ = {isa = PBXFileReference; lastKnownFileType = sourcecode.swift; path = BookshelfVariations.swift; sourceTree = "<group>"; };
		A32041DD9590951AF0044C72 /* DownloadSettingsNeonConsole.swift */ = {isa = PBXFileReference; lastKnownFileType = sourcecode.swift; path = DownloadSettingsNeonConsole.swift; sourceTree = "<group>"; };
		A5AF9B85206D53CDB63DD6DE /* CardsShowcase.swift */ = {isa = PBXFileReference; lastKnownFileType = sourcecode.swift; path = CardsShowcase.swift; sourceTree = "<group>"; };
		AC4AE7A235D094A8BA3702DB /* WidgetCatalog+Location.swift */ = {isa = PBXFileReference; lastKnownFileType = sourcecode.swift; path = "WidgetCatalog+Location.swift"; sourceTree = "<group>"; };
		AE4271E2CBCB376EA56E8F17 /* WidgetListView.swift */ = {isa = PBXFileReference; lastKnownFileType = sourcecode.swift; path = WidgetListView.swift; sourceTree = "<group>"; };
		AED7C75633D5347E05F2CD44 /* WidgetCatalog+Other.swift */ = {isa = PBXFileReference; lastKnownFileType = sourcecode.swift; path = "WidgetCatalog+Other.swift"; sourceTree = "<group>"; };
		B0CCAB849BD9310FFD16C8FD /* WorkoutsVariations.swift */ = {isa = PBXFileReference; lastKnownFileType = sourcecode.swift; path = WorkoutsVariations.swift; sourceTree = "<group>"; };
		B1FCA6F6681A5F0EC2874899 /* RootGalleryView.swift */ = {isa = PBXFileReference; lastKnownFileType = sourcecode.swift; path = RootGalleryView.swift; sourceTree = "<group>"; };
		B4FA8EDBF29A3CF7883F42E5 /* design-system-Lifegames */ = {isa = PBXFileReference; lastKnownFileType = folder; name = "design-system-Lifegames"; path = ../..; sourceTree = SOURCE_ROOT; };
		B5A8EDF4B4B357F37E49794C /* DevActivityTimelineVariations.swift */ = {isa = PBXFileReference; lastKnownFileType = sourcecode.swift; path = DevActivityTimelineVariations.swift; sourceTree = "<group>"; };
		B5E34680A61C4607071A202F /* WidgetCatalog+Identity.swift */ = {isa = PBXFileReference; lastKnownFileType = sourcecode.swift; path = "WidgetCatalog+Identity.swift"; sourceTree = "<group>"; };
		B60F7DFB831949951FC8F8F1 /* WidgetCatalog+Health.swift */ = {isa = PBXFileReference; lastKnownFileType = sourcecode.swift; path = "WidgetCatalog+Health.swift"; sourceTree = "<group>"; };
		B6C1381812DE0C9652EAC9B5 /* ExplorationOdometerVariations.swift */ = {isa = PBXFileReference; lastKnownFileType = sourcecode.swift; path = ExplorationOdometerVariations.swift; sourceTree = "<group>"; };
		BA505A54F3782F7A92FF31DC /* CategoryListView.swift */ = {isa = PBXFileReference; lastKnownFileType = sourcecode.swift; path = CategoryListView.swift; sourceTree = "<group>"; };
		BCC381FB4351A0D33FBAC743 /* DirectionCatalogListView.swift */ = {isa = PBXFileReference; lastKnownFileType = sourcecode.swift; path = DirectionCatalogListView.swift; sourceTree = "<group>"; };
		C37F1AF23A88784896829CF9 /* ReadingFeedVariations.swift */ = {isa = PBXFileReference; lastKnownFileType = sourcecode.swift; path = ReadingFeedVariations.swift; sourceTree = "<group>"; };
		C7D843FBE4BA23E10661B392 /* Info.plist */ = {isa = PBXFileReference; lastKnownFileType = text.plist; path = Info.plist; sourceTree = "<group>"; };
		D380A757BB6DD7DFA3DA806A /* FixtureLoader.swift */ = {isa = PBXFileReference; lastKnownFileType = sourcecode.swift; path = FixtureLoader.swift; sourceTree = "<group>"; };
		D7541E997AA10E3E4A2C8A97 /* HeartRateVariations.swift */ = {isa = PBXFileReference; lastKnownFileType = sourcecode.swift; path = HeartRateVariations.swift; sourceTree = "<group>"; };
		DB17570B916E0BA77C3BB7EF /* SwiftGallery.app */ = {isa = PBXFileReference; includeInIndex = 0; lastKnownFileType = wrapper.application; path = SwiftGallery.app; sourceTree = BUILT_PRODUCTS_DIR; };
		DC40115C1DA2650604C1E626 /* AccountScreen.swift */ = {isa = PBXFileReference; lastKnownFileType = sourcecode.swift; path = AccountScreen.swift; sourceTree = "<group>"; };
		E2571C83AAB5F4D322F20BE7 /* WidgetCatalog+GitHub.swift */ = {isa = PBXFileReference; lastKnownFileType = sourcecode.swift; path = "WidgetCatalog+GitHub.swift"; sourceTree = "<group>"; };
		E319D4B03818015CE0D1B188 /* MainTabNeonConsole.swift */ = {isa = PBXFileReference; lastKnownFileType = sourcecode.swift; path = MainTabNeonConsole.swift; sourceTree = "<group>"; };
		E65DDDDECCEC16CCB9FF8031 /* Assets.xcassets */ = {isa = PBXFileReference; lastKnownFileType = folder.assetcatalog; path = Assets.xcassets; sourceTree = "<group>"; };
		ED44E8143481E348B9DD9025 /* ComingSoonVariations.swift */ = {isa = PBXFileReference; lastKnownFileType = sourcecode.swift; path = ComingSoonVariations.swift; sourceTree = "<group>"; };
		EE07F20FF6E056CB0FFDBE34 /* SwiftGalleryApp.swift */ = {isa = PBXFileReference; lastKnownFileType = sourcecode.swift; path = SwiftGalleryApp.swift; sourceTree = "<group>"; };
		EF0C740AB155C2A1E8D416FA /* SystemStatusVariations.swift */ = {isa = PBXFileReference; lastKnownFileType = sourcecode.swift; path = SystemStatusVariations.swift; sourceTree = "<group>"; };
		F38394CE362054CFD472CEA2 /* CommitTimelineVariations.swift */ = {isa = PBXFileReference; lastKnownFileType = sourcecode.swift; path = CommitTimelineVariations.swift; sourceTree = "<group>"; };
		F67835CDF01FEB50867F65C5 /* LanguageStackVariations.swift */ = {isa = PBXFileReference; lastKnownFileType = sourcecode.swift; path = LanguageStackVariations.swift; sourceTree = "<group>"; };
		F717CBA3BE53E783D4EF40D4 /* BioTerminalVariations.swift */ = {isa = PBXFileReference; lastKnownFileType = sourcecode.swift; path = BioTerminalVariations.swift; sourceTree = "<group>"; };
		F7483C680A0097B7DD24173C /* WeeklyPulseVariations.swift */ = {isa = PBXFileReference; lastKnownFileType = sourcecode.swift; path = WeeklyPulseVariations.swift; sourceTree = "<group>"; };
		FCF62691B0195C2F67CD1BF0 /* DndOverlayVariations.swift */ = {isa = PBXFileReference; lastKnownFileType = sourcecode.swift; path = DndOverlayVariations.swift; sourceTree = "<group>"; };
		FF5C4AE0AE33ED490C8FACAC /* DevActivityCardsVariations.swift */ = {isa = PBXFileReference; lastKnownFileType = sourcecode.swift; path = DevActivityCardsVariations.swift; sourceTree = "<group>"; };
/* End PBXFileReference section */

/* Begin PBXFrameworksBuildPhase section */
		6BCA402919F8E17870BDB4BE /* Frameworks */ = {
			isa = PBXFrameworksBuildPhase;
			buildActionMask = 2147483647;
			files = (
				61422319CE1D4014B9AC6CA0 /* LifegamesTokens in Frameworks */,
				CAFE8C3CB8762BCF62CF0565 /* LifegamesComponents in Frameworks */,
				D98740F0CF10770D58104143 /* LifegamesWidgets in Frameworks */,
			);
			runOnlyForDeploymentPostprocessing = 0;
		};
/* End PBXFrameworksBuildPhase section */

/* Begin PBXGroup section */
		04ADF78AFC5F552115C6066F /* MainTabShell */ = {
			isa = PBXGroup;
			children = (
				E319D4B03818015CE0D1B188 /* MainTabNeonConsole.swift */,
			);
			path = MainTabShell;
			sourceTree = "<group>";
		};
		09BB5E156CD22BE24E2B49A7 /* SampleFiles */ = {
			isa = PBXGroup;
			children = (
				8C5C8E5BEF16A89C9F45B3B8 /* SampleFilesNeonConsole.swift */,
			);
			path = SampleFiles;
			sourceTree = "<group>";
		};
		0D3A3D77071521B528B0D0DA /* Login */ = {
			isa = PBXGroup;
			children = (
				136A74590C8746388296AD47 /* LoginNeonConsole.swift */,
			);
			path = Login;
			sourceTree = "<group>";
		};
		162B5E2CE40F0E1C830D664C = {
			isa = PBXGroup;
			children = (
				DDC88497CA57FDF3B1307850 /* Packages */,
				BA2FB532E53DDE82489F0E5E /* SwiftGallery */,
				72577ECF16A06BF69FC53014 /* Products */,
			);
			sourceTree = "<group>";
		};
		4E92B02603ECDE51759093C9 /* FileDetail */ = {
			isa = PBXGroup;
			children = (
				684D2258EB08A1C9DB0771C5 /* FileDetailNeonConsole.swift */,
			);
			path = FileDetail;
			sourceTree = "<group>";
		};
		5F651A450749C3FDFE1FF74B /* Showcases */ = {
			isa = PBXGroup;
			children = (
				A5AF9B85206D53CDB63DD6DE /* CardsShowcase.swift */,
				02AA348C93E1905D35284D52 /* ColorsShowcase.swift */,
				42D0986290D7C414F7DE26E8 /* ComponentsShowcase.swift */,
				16342C96EC0719082D6F8661 /* NeonShowcase.swift */,
				9F156AC07EEBBE23E5A1668C /* TypographyShowcase.swift */,
			);
			path = Showcases;
			sourceTree = "<group>";
		};
		72577ECF16A06BF69FC53014 /* Products */ = {
			isa = PBXGroup;
			children = (
				DB17570B916E0BA77C3BB7EF /* SwiftGallery.app */,
			);
			name = Products;
			sourceTree = "<group>";
		};
		823028D227973B3A8CDD71E9 /* DownloadSettings */ = {
			isa = PBXGroup;
			children = (
				A32041DD9590951AF0044C72 /* DownloadSettingsNeonConsole.swift */,
				7BB8A23073DD5CB57299D416 /* DownloadSettingsScreen.swift */,
			);
			path = DownloadSettings;
			sourceTree = "<group>";
		};
		93362202C948821A008E2EA8 /* Directions */ = {
			isa = PBXGroup;
			children = (
				B0EB8703FC0ED4349E7135B3 /* Account */,
				823028D227973B3A8CDD71E9 /* DownloadSettings */,
				4E92B02603ECDE51759093C9 /* FileDetail */,
				C2729F1B77CE832EE03C18D6 /* FileList */,
				C19A9F3BCCEC4072EEA03A2D /* LaunchScreen */,
				0D3A3D77071521B528B0D0DA /* Login */,
				04ADF78AFC5F552115C6066F /* MainTabShell */,
				09BB5E156CD22BE24E2B49A7 /* SampleFiles */,
			);
			path = Directions;
			sourceTree = "<group>";
		};
		9C0CBBD5AD807292DC6B3137 /* Resources */ = {
			isa = PBXGroup;
			children = (
				E65DDDDECCEC16CCB9FF8031 /* Assets.xcassets */,
				C7D843FBE4BA23E10661B392 /* Info.plist */,
			);
			path = Resources;
			sourceTree = "<group>";
		};
		B0EB8703FC0ED4349E7135B3 /* Account */ = {
			isa = PBXGroup;
			children = (
				936B17C5DEAA1D7B3BF9570F /* AccountNeonConsole.swift */,
				DC40115C1DA2650604C1E626 /* AccountScreen.swift */,
			);
			path = Account;
			sourceTree = "<group>";
		};
		BA2FB532E53DDE82489F0E5E /* SwiftGallery */ = {
			isa = PBXGroup;
			children = (
				B1FCA6F6681A5F0EC2874899 /* RootGalleryView.swift */,
				EE07F20FF6E056CB0FFDBE34 /* SwiftGalleryApp.swift */,
				9C0CBBD5AD807292DC6B3137 /* Resources */,
				DAC0D131DD90DD63A4C81E6E /* Screens */,
				5F651A450749C3FDFE1FF74B /* Showcases */,
				EBDC102F5AC8751C5BC3F976 /* Widgets */,
			);
			path = SwiftGallery;
			sourceTree = "<group>";
		};
		C19A9F3BCCEC4072EEA03A2D /* LaunchScreen */ = {
			isa = PBXGroup;
			children = (
				075B94EAD604725A9756F7F1 /* LaunchAnimations.swift */,
				7054F49822D356D313D1EFAF /* LaunchNeonConsole.swift */,
			);
			path = LaunchScreen;
			sourceTree = "<group>";
		};
		C2729F1B77CE832EE03C18D6 /* FileList */ = {
			isa = PBXGroup;
			children = (
				6B2B41E7069EA2D89CC072F2 /* FileListNeonConsole.swift */,
			);
			path = FileList;
			sourceTree = "<group>";
		};
		DAC0D131DD90DD63A4C81E6E /* Screens */ = {
			isa = PBXGroup;
			children = (
				BCC381FB4351A0D33FBAC743 /* DirectionCatalogListView.swift */,
				66A7538AC544E719D7C43586 /* DirectionDetailView.swift */,
				61B83EDD1FCAE53219D5CD86 /* OMDFixtures.swift */,
				04EAB2BE2E02C0E29AE960D5 /* OMDSharedComponents.swift */,
				8DD852E5E08C98BD6AFF6B0C /* ScreenCatalog.swift */,
				9A1604E38A46E42ED97CEA3D /* ScreenCatalogListView.swift */,
				66D74C55ABF3465DD3CFAD44 /* ScreenDetailView.swift */,
				235F0079C672571F2751DD80 /* ScreenEntry.swift */,
				93362202C948821A008E2EA8 /* Directions */,
			);
			path = Screens;
			sourceTree = "<group>";
		};
		DC142742082D77F1149BABDF /* Variations */ = {
			isa = PBXGroup;
			children = (
				1FE4F4F787DB405F202DB968 /* ActivityFeedVariations.swift */,
				F717CBA3BE53E783D4EF40D4 /* BioTerminalVariations.swift */,
				6B42FB5EAD9F65BA2CBDCBCF /* BookModalVariations.swift */,
				9FE824BB7FB64002A6A99AAD /* BookshelfVariations.swift */,
				ED44E8143481E348B9DD9025 /* ComingSoonVariations.swift */,
				3F58CC119BADE9FA86500B9F /* CommitLogVariations.swift */,
				F38394CE362054CFD472CEA2 /* CommitTimelineVariations.swift */,
				FF5C4AE0AE33ED490C8FACAC /* DevActivityCardsVariations.swift */,
				3B0A743BA891EC6AF96DA223 /* DevActivityLogVariations.swift */,
				B5A8EDF4B4B357F37E49794C /* DevActivityTimelineVariations.swift */,
				FCF62691B0195C2F67CD1BF0 /* DndOverlayVariations.swift */,
				B6C1381812DE0C9652EAC9B5 /* ExplorationOdometerVariations.swift */,
				64F37F2E015593652406DB56 /* FocusOverlayVariations.swift */,
				0142E9E3275E6B3BB8FF3845 /* GitHubHeatmapVariations.swift */,
				D7541E997AA10E3E4A2C8A97 /* HeartRateVariations.swift */,
				59897B4F725553DF8A2B1BFB /* HydrationVariations.swift */,
				0A56D6F90560B4D8643EFC23 /* IdentityCardVariations.swift */,
				523D45B02B0129DD355788D5 /* LanguageBarsVariations.swift */,
				F67835CDF01FEB50867F65C5 /* LanguageStackVariations.swift */,
				43703C2E8BFFB67C876AE39D /* MovementRingsVariations.swift */,
				3D6C6DA058264A2E318249D8 /* NightSummaryVariations.swift */,
				9AAD0F164597C5ACBA567F4F /* OGImageVariations.swift */,
				889EE6BE1B6303D24755E03A /* PinnedReposVariations.swift */,
				20AF50F385E6749D52D74BE7 /* PlaceLeaderboardVariations.swift */,
				C37F1AF23A88784896829CF9 /* ReadingFeedVariations.swift */,
				39CB697BD82AF083143B4A96 /* StarredRepoListVariations.swift */,
				EF0C740AB155C2A1E8D416FA /* SystemStatusVariations.swift */,
				9FCBA153BFB55544136E70AF /* TheatreReviewsVariations.swift */,
				F7483C680A0097B7DD24173C /* WeeklyPulseVariations.swift */,
				B0CCAB849BD9310FFD16C8FD /* WorkoutsVariations.swift */,
			);
			path = Variations;
			sourceTree = "<group>";
		};
		DDC88497CA57FDF3B1307850 /* Packages */ = {
			isa = PBXGroup;
			children = (
				B4FA8EDBF29A3CF7883F42E5 /* design-system-Lifegames */,
			);
			name = Packages;
			sourceTree = "<group>";
		};
		EBDC102F5AC8751C5BC3F976 /* Widgets */ = {
			isa = PBXGroup;
			children = (
				2673A376635D90E089DB8BF8 /* Category.swift */,
				BA505A54F3782F7A92FF31DC /* CategoryListView.swift */,
				D380A757BB6DD7DFA3DA806A /* FixtureLoader.swift */,
				5A594EDC1CA5C4F5DBC09051 /* WidgetCatalog.swift */,
				E2571C83AAB5F4D322F20BE7 /* WidgetCatalog+GitHub.swift */,
				B60F7DFB831949951FC8F8F1 /* WidgetCatalog+Health.swift */,
				B5E34680A61C4607071A202F /* WidgetCatalog+Identity.swift */,
				AC4AE7A235D094A8BA3702DB /* WidgetCatalog+Location.swift */,
				AED7C75633D5347E05F2CD44 /* WidgetCatalog+Other.swift */,
				427F0E7056BBEDAE902C1EA4 /* WidgetCatalog+Reading.swift */,
				9C7D34C0FEA55AA85E650EAF /* WidgetDetailView.swift */,
				5B07B0BC263D7304FB761046 /* WidgetEntry.swift */,
				AE4271E2CBCB376EA56E8F17 /* WidgetListView.swift */,
				DC142742082D77F1149BABDF /* Variations */,
			);
			path = Widgets;
			sourceTree = "<group>";
		};
/* End PBXGroup section */

/* Begin PBXNativeTarget section */
		8C3F80747272311546C99871 /* SwiftGallery */ = {
			isa = PBXNativeTarget;
			buildConfigurationList = C3D684CABBE2508E0F9B94A3 /* Build configuration list for PBXNativeTarget "SwiftGallery" */;
			buildPhases = (
				51BD7C65DE239CA2479C6912 /* Sources */,
				C371A37F4F2F555959C9AE01 /* Resources */,
				6BCA402919F8E17870BDB4BE /* Frameworks */,
			);
			buildRules = (
			);
			dependencies = (
			);
			name = SwiftGallery;
			packageProductDependencies = (
				44198BCCE30792EADF1687AA /* LifegamesTokens */,
				B1743235CA7DB15E6E5B3D59 /* LifegamesComponents */,
				C612F58B3BFF38D7B87AD62A /* LifegamesWidgets */,
			);
			productName = SwiftGallery;
			productReference = DB17570B916E0BA77C3BB7EF /* SwiftGallery.app */;
			productType = "com.apple.product-type.application";
		};
/* End PBXNativeTarget section */

/* Begin PBXProject section */
		99AB96AFEE84DDF49BF30D34 /* Project object */ = {
			isa = PBXProject;
			attributes = {
				BuildIndependentTargetsInParallel = YES;
				LastUpgradeCheck = 1600;
				TargetAttributes = {
					8C3F80747272311546C99871 = {
						DevelopmentTeam = P328YB6M54;
						ProvisioningStyle = Automatic;
					};
				};
			};
			buildConfigurationList = 7035A5BC1FA4D86AEF06BE5D /* Build configuration list for PBXProject "SwiftGallery" */;
			developmentRegion = en;
			hasScannedForEncodings = 0;
			knownRegions = (
				Base,
				en,
			);
			mainGroup = 162B5E2CE40F0E1C830D664C;
			minimizedProjectReferenceProxies = 1;
			packageReferences = (
				7758A10D900FDF85FE88A9FB /* XCLocalSwiftPackageReference "../.." */,
			);
			preferredProjectObjectVersion = 77;
			productRefGroup = 72577ECF16A06BF69FC53014 /* Products */;
			projectDirPath = "";
			projectRoot = "";
			targets = (
				8C3F80747272311546C99871 /* SwiftGallery */,
			);
		};
/* End PBXProject section */

/* Begin PBXResourcesBuildPhase section */
		C371A37F4F2F555959C9AE01 /* Resources */ = {
			isa = PBXResourcesBuildPhase;
			buildActionMask = 2147483647;
			files = (
				05F5569EC2840FA4DDABBEA0 /* Assets.xcassets in Resources */,
			);
			runOnlyForDeploymentPostprocessing = 0;
		};
/* End PBXResourcesBuildPhase section */

/* Begin PBXSourcesBuildPhase section */
		51BD7C65DE239CA2479C6912 /* Sources */ = {
			isa = PBXSourcesBuildPhase;
			buildActionMask = 2147483647;
			files = (
				8665A75191131E2C6E8F27DA /* AccountNeonConsole.swift in Sources */,
				C95E65EE2D5A69E99586B735 /* AccountScreen.swift in Sources */,
				D7ECDDF5A39D8281117058C4 /* ActivityFeedVariations.swift in Sources */,
				3A831878DECDCC95F4DC6EB4 /* BioTerminalVariations.swift in Sources */,
				58D6B7458084478A37604FC0 /* BookModalVariations.swift in Sources */,
				C60126467C44B65396EAE8D6 /* BookshelfVariations.swift in Sources */,
				474DDDA3E1A70215CA0093F6 /* CardsShowcase.swift in Sources */,
				531F905112132A0486540488 /* Category.swift in Sources */,
				B89D696068AC9EDEFB59546C /* CategoryListView.swift in Sources */,
				9FAD130D33BBCD5F1848469A /* ColorsShowcase.swift in Sources */,
				5CABD70040C68AE628111444 /* ComingSoonVariations.swift in Sources */,
				61B6F24D919B87AB644A5DE4 /* CommitLogVariations.swift in Sources */,
				82905343DBFCB46C36E50023 /* CommitTimelineVariations.swift in Sources */,
				D59974CCE180017903E17263 /* ComponentsShowcase.swift in Sources */,
				A180E55673E12503B8433C11 /* DevActivityCardsVariations.swift in Sources */,
				29215EB29E41B445001BBADE /* DevActivityLogVariations.swift in Sources */,
				5942A3A30509EB2DE311C7EC /* DevActivityTimelineVariations.swift in Sources */,
				5DB1CA3AAFFD6C546D813551 /* DirectionCatalogListView.swift in Sources */,
				051DC362C9686E87D3A881FA /* DirectionDetailView.swift in Sources */,
				6843106E6A2DC8B587CACFDA /* DndOverlayVariations.swift in Sources */,
				C66939B564B25B0E2FE434CE /* DownloadSettingsNeonConsole.swift in Sources */,
				60898D684728820BE9A0E9EA /* DownloadSettingsScreen.swift in Sources */,
				35EE5E5A8F17B2E6C9015258 /* ExplorationOdometerVariations.swift in Sources */,
				C9AA9420F23534D64D8855FF /* FileDetailNeonConsole.swift in Sources */,
				20963C00704BCA4AC1B4A9AC /* FileListNeonConsole.swift in Sources */,
				24894187193306C63D10C5D5 /* FixtureLoader.swift in Sources */,
				E723B46263F7B7725CADD993 /* FocusOverlayVariations.swift in Sources */,
				C9C8423CB3E64246D1ADF996 /* GitHubHeatmapVariations.swift in Sources */,
				4A1A44ED30FF888FCEF1DD26 /* HeartRateVariations.swift in Sources */,
				573BD91BDFC829DDED579767 /* HydrationVariations.swift in Sources */,
				1F6DE716C1CC21E1E57BCED3 /* IdentityCardVariations.swift in Sources */,
				9FAC9FD22D36CFF8AD492241 /* LanguageBarsVariations.swift in Sources */,
				7D34E03F249ABFA5B060A242 /* LanguageStackVariations.swift in Sources */,
				16CCC9740625C05F0C50C4B0 /* LaunchAnimations.swift in Sources */,
				CA682B7C9C957124DA37D7A0 /* LaunchNeonConsole.swift in Sources */,
				A1A13EB7419FD5F6609A020D /* LoginNeonConsole.swift in Sources */,
				2A0E552FE2FF81B6A9BB9859 /* MainTabNeonConsole.swift in Sources */,
				A622080483202BF8F72E3D60 /* MovementRingsVariations.swift in Sources */,
				BE41551F3DEF7CE641B50F26 /* NeonShowcase.swift in Sources */,
				9B7B820C7C1F016DF34070C3 /* NightSummaryVariations.swift in Sources */,
				D5486912E89904CAB8027418 /* OGImageVariations.swift in Sources */,
				C7975AA5D458B6A86770A9C2 /* OMDFixtures.swift in Sources */,
				2FDCA5FB01167986392075CC /* OMDSharedComponents.swift in Sources */,
				D3E7E534FF37CA087BDB8393 /* PinnedReposVariations.swift in Sources */,
				B9EB25B2BB2B7BFBFF2C8AD5 /* PlaceLeaderboardVariations.swift in Sources */,
				F42E086D3EF8078C3CF46E94 /* ReadingFeedVariations.swift in Sources */,
				8BD2994B011DC426CB7B7D91 /* RootGalleryView.swift in Sources */,
				4430B928654AFD725684F31A /* SampleFilesNeonConsole.swift in Sources */,
				19E5721FE1D126982F0BA773 /* ScreenCatalog.swift in Sources */,
				6B0283B722A2612C8D6FA071 /* ScreenCatalogListView.swift in Sources */,
				FB781C1734E05AF2D07CE0EA /* ScreenDetailView.swift in Sources */,
				DE143C86DB819E84CA0D138E /* ScreenEntry.swift in Sources */,
				832F2B5CD7B31A10EBEA309C /* StarredRepoListVariations.swift in Sources */,
				E212C891CE073009C9DBBEF6 /* SwiftGalleryApp.swift in Sources */,
				7B30D1197A155C64DF8EF0F8 /* SystemStatusVariations.swift in Sources */,
				CC1575C4259B390BCF727FA7 /* TheatreReviewsVariations.swift in Sources */,
				85E48EBB53DCDC55459A7F76 /* TypographyShowcase.swift in Sources */,
				B254A171BBE9CD99E112E1F4 /* WeeklyPulseVariations.swift in Sources */,
				2049734C7F4BC64B6B6C07F1 /* WidgetCatalog+GitHub.swift in Sources */,
				6CB55BE612DAD98083FB3049 /* WidgetCatalog+Health.swift in Sources */,
				5B4D4B37D0B1FA11B8C45471 /* WidgetCatalog+Identity.swift in Sources */,
				AEB7F17DC7426D1B9778752C /* WidgetCatalog+Location.swift in Sources */,
				985C7AC8A3F2E75CF9CCA8AD /* WidgetCatalog+Other.swift in Sources */,
				A8C6C3F71DCBC9AAEC85EBED /* WidgetCatalog+Reading.swift in Sources */,
				0D8E631971EACEB00D58695D /* WidgetCatalog.swift in Sources */,
				222C25DCE99BCDFDC87B6045 /* WidgetDetailView.swift in Sources */,
				2503D23E6CA78DD8E3EE87F8 /* WidgetEntry.swift in Sources */,
				3F980A6E9E0799646C061743 /* WidgetListView.swift in Sources */,
				D348F82F05F1AE56C369E778 /* WorkoutsVariations.swift in Sources */,
			);
			runOnlyForDeploymentPostprocessing = 0;
		};
/* End PBXSourcesBuildPhase section */

/* Begin XCBuildConfiguration section */
		297B6B67C322BC593C4B6602 /* Release */ = {
			isa = XCBuildConfiguration;
			buildSettings = {
				ASSETCATALOG_COMPILER_APPICON_NAME = AppIcon;
				CODE_SIGN_IDENTITY = "iPhone Developer";
				CODE_SIGN_STYLE = Automatic;
				CURRENT_PROJECT_VERSION = 1;
				DEVELOPMENT_TEAM = P328YB6M54;
				INFOPLIST_FILE = SwiftGallery/Resources/Info.plist;
				IPHONEOS_DEPLOYMENT_TARGET = 26.0;
				LD_RUNPATH_SEARCH_PATHS = (
					"$(inherited)",
					"@executable_path/Frameworks",
				);
				MARKETING_VERSION = 1.0;
				PRODUCT_BUNDLE_IDENTIFIER = "com.lifegames.swift-gallery";
				SDKROOT = iphoneos;
				SWIFT_EMIT_LOC_STRINGS = YES;
				TARGETED_DEVICE_FAMILY = "1,2";
			};
			name = Release;
		};
		2ADCB03D38A4E22A437993D2 /* Release */ = {
			isa = XCBuildConfiguration;
			buildSettings = {
				ALWAYS_SEARCH_USER_PATHS = NO;
				CLANG_ANALYZER_NONNULL = YES;
				CLANG_ANALYZER_NUMBER_OBJECT_CONVERSION = YES_AGGRESSIVE;
				CLANG_CXX_LANGUAGE_STANDARD = "gnu++14";
				CLANG_CXX_LIBRARY = "libc++";
				CLANG_ENABLE_MODULES = YES;
				CLANG_ENABLE_OBJC_ARC = YES;
				CLANG_ENABLE_OBJC_WEAK = YES;
				CLANG_WARN_BLOCK_CAPTURE_AUTORELEASING = YES;
				CLANG_WARN_BOOL_CONVERSION = YES;
				CLANG_WARN_COMMA = YES;
				CLANG_WARN_CONSTANT_CONVERSION = YES;
				CLANG_WARN_DEPRECATED_OBJC_IMPLEMENTATIONS = YES;
				CLANG_WARN_DIRECT_OBJC_ISA_USAGE = YES_ERROR;
				CLANG_WARN_DOCUMENTATION_COMMENTS = YES;
				CLANG_WARN_EMPTY_BODY = YES;
				CLANG_WARN_ENUM_CONVERSION = YES;
				CLANG_WARN_INFINITE_RECURSION = YES;
				CLANG_WARN_INT_CONVERSION = YES;
				CLANG_WARN_NON_LITERAL_NULL_CONVERSION = YES;
				CLANG_WARN_OBJC_IMPLICIT_RETAIN_SELF = YES;
				CLANG_WARN_OBJC_LITERAL_CONVERSION = YES;
				CLANG_WARN_OBJC_ROOT_CLASS = YES_ERROR;
				CLANG_WARN_QUOTED_INCLUDE_IN_FRAMEWORK_HEADER = YES;
				CLANG_WARN_RANGE_LOOP_ANALYSIS = YES;
				CLANG_WARN_STRICT_PROTOTYPES = YES;
				CLANG_WARN_SUSPICIOUS_MOVE = YES;
				CLANG_WARN_UNGUARDED_AVAILABILITY = YES_AGGRESSIVE;
				CLANG_WARN_UNREACHABLE_CODE = YES;
				CLANG_WARN__DUPLICATE_METHOD_MATCH = YES;
				COPY_PHASE_STRIP = NO;
				DEBUG_INFORMATION_FORMAT = "dwarf-with-dsym";
				DEVELOPMENT_TEAM = P328YB6M54;
				ENABLE_NS_ASSERTIONS = NO;
				ENABLE_PREVIEWS = YES;
				ENABLE_STRICT_OBJC_MSGSEND = YES;
				GCC_C_LANGUAGE_STANDARD = gnu11;
				GCC_NO_COMMON_BLOCKS = YES;
				GCC_WARN_64_TO_32_BIT_CONVERSION = YES;
				GCC_WARN_ABOUT_RETURN_TYPE = YES_ERROR;
				GCC_WARN_UNDECLARED_SELECTOR = YES;
				GCC_WARN_UNINITIALIZED_AUTOS = YES_AGGRESSIVE;
				GCC_WARN_UNUSED_FUNCTION = YES;
				GCC_WARN_UNUSED_VARIABLE = YES;
				IPHONEOS_DEPLOYMENT_TARGET = 26.0;
				MTL_ENABLE_DEBUG_INFO = NO;
				MTL_FAST_MATH = YES;
				OTHER_SWIFT_FLAGS = "";
				PRODUCT_NAME = "$(TARGET_NAME)";
				SDKROOT = iphoneos;
				SWIFT_COMPILATION_MODE = wholemodule;
				SWIFT_OPTIMIZATION_LEVEL = "-O";
				SWIFT_VERSION = 6.0;
			};
			name = Release;
		};
		66D8DB8418B2A077655F2F80 /* Debug */ = {
			isa = XCBuildConfiguration;
			buildSettings = {
				ASSETCATALOG_COMPILER_APPICON_NAME = AppIcon;
				CODE_SIGN_IDENTITY = "iPhone Developer";
				CODE_SIGN_STYLE = Automatic;
				CURRENT_PROJECT_VERSION = 1;
				DEVELOPMENT_TEAM = P328YB6M54;
				INFOPLIST_FILE = SwiftGallery/Resources/Info.plist;
				IPHONEOS_DEPLOYMENT_TARGET = 26.0;
				LD_RUNPATH_SEARCH_PATHS = (
					"$(inherited)",
					"@executable_path/Frameworks",
				);
				MARKETING_VERSION = 1.0;
				PRODUCT_BUNDLE_IDENTIFIER = "com.lifegames.swift-gallery";
				SDKROOT = iphoneos;
				SWIFT_EMIT_LOC_STRINGS = YES;
				TARGETED_DEVICE_FAMILY = "1,2";
			};
			name = Debug;
		};
		9742D297AED75C7549441E7E /* Debug */ = {
			isa = XCBuildConfiguration;
			buildSettings = {
				ALWAYS_SEARCH_USER_PATHS = NO;
				CLANG_ANALYZER_NONNULL = YES;
				CLANG_ANALYZER_NUMBER_OBJECT_CONVERSION = YES_AGGRESSIVE;
				CLANG_CXX_LANGUAGE_STANDARD = "gnu++14";
				CLANG_CXX_LIBRARY = "libc++";
				CLANG_ENABLE_MODULES = YES;
				CLANG_ENABLE_OBJC_ARC = YES;
				CLANG_ENABLE_OBJC_WEAK = YES;
				CLANG_WARN_BLOCK_CAPTURE_AUTORELEASING = YES;
				CLANG_WARN_BOOL_CONVERSION = YES;
				CLANG_WARN_COMMA = YES;
				CLANG_WARN_CONSTANT_CONVERSION = YES;
				CLANG_WARN_DEPRECATED_OBJC_IMPLEMENTATIONS = YES;
				CLANG_WARN_DIRECT_OBJC_ISA_USAGE = YES_ERROR;
				CLANG_WARN_DOCUMENTATION_COMMENTS = YES;
				CLANG_WARN_EMPTY_BODY = YES;
				CLANG_WARN_ENUM_CONVERSION = YES;
				CLANG_WARN_INFINITE_RECURSION = YES;
				CLANG_WARN_INT_CONVERSION = YES;
				CLANG_WARN_NON_LITERAL_NULL_CONVERSION = YES;
				CLANG_WARN_OBJC_IMPLICIT_RETAIN_SELF = YES;
				CLANG_WARN_OBJC_LITERAL_CONVERSION = YES;
				CLANG_WARN_OBJC_ROOT_CLASS = YES_ERROR;
				CLANG_WARN_QUOTED_INCLUDE_IN_FRAMEWORK_HEADER = YES;
				CLANG_WARN_RANGE_LOOP_ANALYSIS = YES;
				CLANG_WARN_STRICT_PROTOTYPES = YES;
				CLANG_WARN_SUSPICIOUS_MOVE = YES;
				CLANG_WARN_UNGUARDED_AVAILABILITY = YES_AGGRESSIVE;
				CLANG_WARN_UNREACHABLE_CODE = YES;
				CLANG_WARN__DUPLICATE_METHOD_MATCH = YES;
				COPY_PHASE_STRIP = NO;
				DEBUG_INFORMATION_FORMAT = "dwarf-with-dsym";
				DEVELOPMENT_TEAM = P328YB6M54;
				ENABLE_PREVIEWS = YES;
				ENABLE_STRICT_OBJC_MSGSEND = YES;
				ENABLE_TESTABILITY = YES;
				GCC_C_LANGUAGE_STANDARD = gnu11;
				GCC_DYNAMIC_NO_PIC = NO;
				GCC_NO_COMMON_BLOCKS = YES;
				GCC_OPTIMIZATION_LEVEL = 0;
				GCC_PREPROCESSOR_DEFINITIONS = (
					"$(inherited)",
					"DEBUG=1",
				);
				GCC_WARN_64_TO_32_BIT_CONVERSION = YES;
				GCC_WARN_ABOUT_RETURN_TYPE = YES_ERROR;
				GCC_WARN_UNDECLARED_SELECTOR = YES;
				GCC_WARN_UNINITIALIZED_AUTOS = YES_AGGRESSIVE;
				GCC_WARN_UNUSED_FUNCTION = YES;
				GCC_WARN_UNUSED_VARIABLE = YES;
				IPHONEOS_DEPLOYMENT_TARGET = 26.0;
				MTL_ENABLE_DEBUG_INFO = INCLUDE_SOURCE;
				MTL_FAST_MATH = YES;
				ONLY_ACTIVE_ARCH = YES;
				OTHER_SWIFT_FLAGS = "";
				PRODUCT_NAME = "$(TARGET_NAME)";
				SDKROOT = iphoneos;
				SWIFT_ACTIVE_COMPILATION_CONDITIONS = DEBUG;
				SWIFT_OPTIMIZATION_LEVEL = "-Onone";
				SWIFT_VERSION = 6.0;
			};
			name = Debug;
		};
/* End XCBuildConfiguration section */

/* Begin XCConfigurationList section */
		7035A5BC1FA4D86AEF06BE5D /* Build configuration list for PBXProject "SwiftGallery" */ = {
			isa = XCConfigurationList;
			buildConfigurations = (
				9742D297AED75C7549441E7E /* Debug */,
				2ADCB03D38A4E22A437993D2 /* Release */,
			);
			defaultConfigurationIsVisible = 0;
			defaultConfigurationName = Debug;
		};
		C3D684CABBE2508E0F9B94A3 /* Build configuration list for PBXNativeTarget "SwiftGallery" */ = {
			isa = XCConfigurationList;
			buildConfigurations = (
				66D8DB8418B2A077655F2F80 /* Debug */,
				297B6B67C322BC593C4B6602 /* Release */,
			);
			defaultConfigurationIsVisible = 0;
			defaultConfigurationName = Debug;
		};
/* End XCConfigurationList section */

/* Begin XCLocalSwiftPackageReference section */
		7758A10D900FDF85FE88A9FB /* XCLocalSwiftPackageReference "../.." */ = {
			isa = XCLocalSwiftPackageReference;
			relativePath = ../..;
		};
/* End XCLocalSwiftPackageReference section */

/* Begin XCSwiftPackageProductDependency section */
		44198BCCE30792EADF1687AA /* LifegamesTokens */ = {
			isa = XCSwiftPackageProductDependency;
			productName = LifegamesTokens;
		};
		B1743235CA7DB15E6E5B3D59 /* LifegamesComponents */ = {
			isa = XCSwiftPackageProductDependency;
			productName = LifegamesComponents;
		};
		C612F58B3BFF38D7B87AD62A /* LifegamesWidgets */ = {
			isa = XCSwiftPackageProductDependency;
			productName = LifegamesWidgets;
		};
/* End XCSwiftPackageProductDependency section */
	};
	rootObject = 99AB96AFEE84DDF49BF30D34 /* Project object */;
}
